<?xml version="1.0" encoding="utf-8"?>
<Project ToolsVersion="4.0" xmlns="http://schemas.microsoft.com/developer/msbuild/2003">
  <ItemGroup>
    <Filter Include="config">
      <UniqueIdentifier>{dfa68707-1bea-4172-9800-0bb1057af068}</UniqueIdentifier>
    </Filter>
    <Filter Include="stl">
      <UniqueIdentifier>{c0f4aaa8-0773-408e-ac06-61bfd3e57c61}</UniqueIdentifier>
    </Filter>
    <Filter Include="stl\src">
      <UniqueIdentifier>{89009350-ea8a-40b2-af4f-3a7c380d098f}</UniqueIdentifier>
    </Filter>
    <Filter Include="stl\include">
      <UniqueIdentifier>{ed4cb9c0-d2d1-4b9e-8dd2-6c9d83dfc370}</UniqueIdentifier>
    </Filter>
    <Filter Include="kernel">
      <UniqueIdentifier>{63786a33-42c9-4d62-9dd4-ba1d23a8c5e1}</UniqueIdentifier>
    </Filter>
    <Filter Include="kernel\src">
      <UniqueIdentifier>{da4b2368-4f2f-4bb6-80d1-e3337e2d1f53}</UniqueIdentifier>
    </Filter>
    <Filter Include="kernel\include">
      <UniqueIdentifier>{4d1e57ab-928f-4e4c-9615-5d8c47e78c1e}</UniqueIdentifier>
    </Filter>
    <Filter Include="stl\include\string">
      <UniqueIdentifier>{71ba27de-4f0c-40db-8995-a7ef5af32d15}</UniqueIdentifier>
    </Filter>
    <Filter Include="stl\include\c">
      <UniqueIdentifier>{3bdc77cc-ea49-4780-b626-077e714bff5d}</UniqueIdentifier>
    </Filter>
    <Filter Include="stl\src\string">
      <UniqueIdentifier>{d723b6d0-b8b0-45c2-81bf-376c56a1b347}</UniqueIdentifier>
    </Filter>
    <Filter Include="stl\src\c">
      <UniqueIdentifier>{d3cac738-b9dc-46df-9020-d68a6b5a5b32}</UniqueIdentifier>
    </Filter>
    <Filter Include="kernel\include\interrupts">
      <UniqueIdentifier>{4abbf53d-e4c2-4eaa-88fc-c12762dc0d91}</UniqueIdentifier>
    </Filter>
    <Filter Include="kernel\src\interrupts">
      <UniqueIdentifier>{4cef2783-49f9-462f-93f5-5b76be4ae6be}</UniqueIdentifier>
    </Filter>
    <Filter Include="kernel\include\hardware">
      <UniqueIdentifier>{4172c3d3-47a5-4c7c-a4c0-05bea7c9e356}</UniqueIdentifier>
    </Filter>
    <Filter Include="kernel\src\hardware">
      <UniqueIdentifier>{ac2aa155-19d8-4810-a577-a2251594cda9}</UniqueIdentifier>
    </Filter>
  </ItemGroup>
  <ItemGroup>
    <None Include="linker.ld">
      <Filter>config</Filter>
    </None>
    <None Include="grub.cfg">
      <Filter>config</Filter>
    </None>
    <None Include="Makefile">
      <Filter>config</Filter>
    </None>
    <None Include="stl\include\memory">
      <Filter>stl\include</Filter>
    </None>
    <None Include="stl\include\type_traits">
      <Filter>stl\include</Filter>
    </None>
    <None Include="kernel\src\boot.s">
      <Filter>kernel\src</Filter>
    </None>
    <None Include="stl\include\new">
      <Filter>stl\include</Filter>
    </None>
    <None Include="kernel\src\crti.s">
      <Filter>kernel\src</Filter>
    </None>
    <None Include="kernel\src\crtn.s">
      <Filter>kernel\src</Filter>
    </None>
    <None Include="stl\include\exception">
      <Filter>stl\include</Filter>
    </None>
    <None Include="stl\include\limits">
      <Filter>stl\include</Filter>
    </None>
    <None Include="stl\include\cmath">
      <Filter>stl\include</Filter>
    </None>
    <None Include="stl\include\iterator">
      <Filter>stl\include</Filter>
    </None>
    <None Include="stl\include\concepts">
      <Filter>stl\include</Filter>
    </None>
    <None Include="stl\include\utility">
      <Filter>stl\include</Filter>
    </None>
    <None Include="stl\include\char_traits.h">
      <Filter>stl\include\string</Filter>
    </None>
    <None Include="stl\include\string">
      <Filter>stl\include\string</Filter>
    </None>
    <None Include="stl\include\cstddef">
      <Filter>stl\include\c</Filter>
    </None>
    <None Include="stl\include\cstdint">
      <Filter>stl\include\c</Filter>
    </None>
    <None Include="stl\include\cstdio">
      <Filter>stl\include\c</Filter>
    </None>
    <None Include="stl\include\cstdlib">
      <Filter>stl\include\c</Filter>
    </None>
    <None Include="stl\include\cstring">
      <Filter>stl\include\c</Filter>
    </None>
    <None Include="kernel\src\interrupts.s">
      <Filter>kernel\src\interrupts</Filter>
    </None>
  </ItemGroup>
  <ItemGroup>
    <ClCompile Include="stl\src\type_traits.cpp">
      <Filter>stl\src</Filter>
    </ClCompile>
    <ClCompile Include="kernel\src\kernel.cpp">
      <Filter>kernel\src</Filter>
    </ClCompile>
    <ClCompile Include="kernel\src\memory_manager.cpp">
      <Filter>kernel\src</Filter>
    </ClCompile>
    <ClCompile Include="stl\src\new.cpp">
      <Filter>stl\src</Filter>
    </ClCompile>
    <ClCompile Include="stl\src\limits.cpp">
      <Filter>stl\src</Filter>
    </ClCompile>
    <ClCompile Include="stl\src\memory.cpp">
      <Filter>stl\src</Filter>
    </ClCompile>
    <ClCompile Include="kernel\src\output.cpp">
      <Filter>kernel\src</Filter>
    </ClCompile>
    <ClCompile Include="stl\src\cmath.cpp">
      <Filter>stl\src</Filter>
    </ClCompile>
    <ClCompile Include="stl\src\iterator.cpp">
      <Filter>stl\src</Filter>
    </ClCompile>
    <ClCompile Include="stl\src\concepts.cpp">
      <Filter>stl\src</Filter>
    </ClCompile>
    <ClCompile Include="stl\include\cstdarg">
      <Filter>stl\include\c</Filter>
    </ClCompile>
    <ClCompile Include="stl\src\basic_string.cpp">
      <Filter>stl\src\string</Filter>
    </ClCompile>
    <ClCompile Include="stl\src\char_traits.cpp">
      <Filter>stl\src\string</Filter>
    </ClCompile>
    <ClCompile Include="stl\src\cstdio.cpp">
      <Filter>stl\src\c</Filter>
    </ClCompile>
    <ClCompile Include="stl\src\cstdlib.cpp">
      <Filter>stl\src\c</Filter>
    </ClCompile>
    <ClCompile Include="stl\src\cstring.cpp">
      <Filter>stl\src\c</Filter>
    </ClCompile>
    <ClCompile Include="kernel\src\interrupt_descriptor_table.cpp">
      <Filter>kernel\src\interrupts</Filter>
    </ClCompile>
    <ClCompile Include="kernel\src\interrupt_handlers.cpp">
      <Filter>kernel\src\interrupts</Filter>
    </ClCompile>
    <ClCompile Include="kernel\src\exception_handlers.cpp">
      <Filter>kernel\src\interrupts</Filter>
    </ClCompile>
    <ClCompile Include="kernel\include\keyboard_manager.h">
      <Filter>kernel\include\hardware</Filter>
    </ClCompile>
    <ClCompile Include="kernel\src\keyboard_manager.cpp">
      <Filter>kernel\src\hardware</Filter>
    </ClCompile>
    <ClCompile Include="kernel\src\global_descriptor_table.cpp">
      <Filter>kernel\src</Filter>
    </ClCompile>
    <ClCompile Include="kernel\src\pic.cpp">
      <Filter>kernel\src\hardware</Filter>
    </ClCompile>
    <ClCompile Include="kernel\src\pci.cpp">
      <Filter>kernel\src\hardware</Filter>
    </ClCompile>
    <ClCompile Include="kernel\src\logger.cpp">
      <Filter>kernel\src</Filter>
    </ClCompile>
  </ItemGroup>
  <ItemGroup>
    <ClInclude Include="kernel\include\multiboot.h">
      <Filter>kernel\include</Filter>
    </ClInclude>
    <ClInclude Include="kernel\include\memory_manager.h">
      <Filter>kernel\include</Filter>
    </ClInclude>
    <ClInclude Include="kernel\include\kernel.h">
      <Filter>kernel\include</Filter>
    </ClInclude>
    <ClInclude Include="kernel\include\output.h">
      <Filter>kernel\include</Filter>
    </ClInclude>
    <ClInclude Include="stl\include\basic_string.h">
      <Filter>stl\include\string</Filter>
    </ClInclude>
    <ClInclude Include="kernel\include\interrupt_descriptor_table.h">
      <Filter>kernel\include\interrupts</Filter>
    </ClInclude>
    <ClInclude Include="kernel\include\global_descriptor_table.h">
      <Filter>kernel\include</Filter>
    </ClInclude>
    <ClInclude Include="kernel\include\pic.h">
      <Filter>kernel\include\hardware</Filter>
    </ClInclude>
    <ClInclude Include="kernel\include\pci.h">
      <Filter>kernel\include\hardware</Filter>
    </ClInclude>
    <ClInclude Include="kernel\include\logger.h">
      <Filter>kernel\include</Filter>
    </ClInclude>
  </ItemGroup>
</Project>