<?xml version="1.0" encoding="utf-8"?>
<Project ToolsVersion="4.0" xmlns="http://schemas.microsoft.com/developer/msbuild/2003">
  <ItemGroup>
    <Filter Include="config">
      <UniqueIdentifier>{dfa68707-1bea-4172-9800-0bb1057af068}</UniqueIdentifier>
    </Filter>
    <Filter Include="stl">
      <UniqueIdentifier>{c0f4aaa8-0773-408e-ac06-61bfd3e57c61}</UniqueIdentifier>
    </Filter>
    <Filter Include="stl\src">
      <UniqueIdentifier>{89009350-ea8a-40b2-af4f-3a7c380d098f}</UniqueIdentifier>
    </Filter>
    <Filter Include="stl\include">
      <UniqueIdentifier>{ed4cb9c0-d2d1-4b9e-8dd2-6c9d83dfc370}</UniqueIdentifier>
    </Filter>
    <Filter Include="kernel">
      <UniqueIdentifier>{63786a33-42c9-4d62-9dd4-ba1d23a8c5e1}</UniqueIdentifier>
    </Filter>
    <Filter Include="kernel\src">
      <UniqueIdentifier>{da4b2368-4f2f-4bb6-80d1-e3337e2d1f53}</UniqueIdentifier>
    </Filter>
  </ItemGroup>
  <ItemGroup>
    <None Include="linker.ld">
      <Filter>config</Filter>
    </None>
    <None Include="grub.cfg">
      <Filter>config</Filter>
    </None>
    <None Include="Makefile">
      <Filter>config</Filter>
    </None>
    <None Include="stl\include\cstdint">
      <Filter>stl\include</Filter>
    </None>
    <None Include="stl\include\string">
      <Filter>stl\include</Filter>
    </None>
    <None Include="stl\include\char_traits.hpp">
      <Filter>stl\include</Filter>
    </None>
    <None Include="stl\include\cstdio">
      <Filter>stl\include</Filter>
    </None>
    <None Include="stl\include\memory">
      <Filter>stl\include</Filter>
    </None>
    <None Include="stl\include\type_traits">
      <Filter>stl\include</Filter>
    </None>
    <None Include="kernel\src\boot.asm">
      <Filter>kernel\src</Filter>
    </None>
  </ItemGroup>
  <ItemGroup>
    <ClCompile Include="stl\src\char_traits.cpp">
      <Filter>stl\src</Filter>
    </ClCompile>
    <ClCompile Include="stl\src\type_traits.cpp">
      <Filter>stl\src</Filter>
    </ClCompile>
    <ClCompile Include="kernel\src\kernel.cpp">
      <Filter>kernel\src</Filter>
    </ClCompile>
  </ItemGroup>
</Project>